
Microsoft Visual Studio Solution File, Format Version 12.00
# Visual Studio Version 16
VisualStudioVersion = 16.0.29806.167
MinimumVisualStudioVersion = 10.0.40219.1
Project("{FAE04EC0-301F-11D3-BF4B-00C04F79EFBC}") = "CourseWork1", "CourseWork1\CourseWork1.csproj", "{D5ECBAE5-1810-4CC8-B008-1B9232CB8568}"
EndProject
Project("{FAE04EC0-301F-11D3-BF4B-00C04F79EFBC}") = "EncodingLibrary", "EncodingLibrary\EncodingLibrary.csproj", "{3EAB5E9F-DC33-4CD0-BF75-FA7146880CD0}"
EndProject
Global
	GlobalSection(SolutionConfigurationPlatforms) = preSolution
		Debug|Any CPU = Debug|Any CPU
		Release|Any CPU = Release|Any CPU
	EndGlobalSection
	GlobalSection(ProjectConfigurationPlatforms) = postSolution
		{D5ECBAE5-1810-4CC8-B008-1B9232CB8568}.Debug|Any CPU.ActiveCfg = Debug|Any CPU
		{D5ECBAE5-1810-4CC8-B008-1B9232CB8568}.Debug|Any CPU.Build.0 = Debug|Any CPU
		{D5ECBAE5-1810-4CC8-B008-1B9232CB8568}.Release|Any CPU.ActiveCfg = Release|Any CPU
		{D5ECBAE5-1810-4CC8-B008-1B9232CB8568}.Release|Any CPU.Build.0 = Release|Any CPU
		{3EAB5E9F-DC33-4CD0-BF75-FA7146880CD0}.Debug|Any CPU.ActiveCfg = Debug|Any CPU
		{3EAB5E9F-DC33-4CD0-BF75-FA7146880CD0}.Debug|Any CPU.Build.0 = Debug|Any CPU
		{3EAB5E9F-DC33-4CD0-BF75-FA7146880CD0}.Release|Any CPU.ActiveCfg = Release|Any CPU
		{3EAB5E9F-DC33-4CD0-BF75-FA7146880CD0}.Release|Any CPU.Build.0 = Release|Any CPU
	EndGlobalSection
	GlobalSection(SolutionProperties) = preSolution
		HideSolutionNode = FALSE
	EndGlobalSection
	GlobalSection(ExtensibilityGlobals) = postSolution
		SolutionGuid = {5110FF05-CAFD-4B96-B2F8-9D7D7A565227}
	EndGlobalSection
EndGlobal
